{
  "name": "field-practice-docs-skill-runtime",
  "version": "0.1.0",
  "lockfileVersion": 3,
  "requires": true,
  "packages": {
    "": {
      "name": "field-practice-docs-skill-runtime",
      "version": "0.1.0",
      "license": "MIT",
      "dependencies": {
        "@rhwp/core": "0.7.17"
      }
    },
    "node_modules/@rhwp/core": {
      "version": "0.7.17",
      "resolved": "https://registry.npmjs.org/@rhwp/core/-/core-0.7.17.tgz",
      "integrity": "sha512-fTXvb9yEwVSLNv/fThrPbFmydoQ608n6uJP6vpzlG5Sp7Ddq6Il6KzyXh/DG7RlCUWIuKcxv5xZyhTiI45D+7g==",
      "license": "MIT"
    }
  }
}
